
Microsoft Visual Studio Solution File, Format Version 12.00
# Visual Studio Version 17
VisualStudioVersion = 17.0.31903.59
MinimumVisualStudioVersion = 10.0.40219.1
Project("{2150E333-8FDC-42A3-9474-1A3956D46DE8}") = "src", "src", "{CB606C72-B41D-4615-A62E-4264B78E09A8}"
EndProject
Project("{FAE04EC0-301F-11D3-BF4B-00C04F79EFBC}") = "GradeBook", "src\GradeBook\GradeBook.csproj", "{CA52882D-A9FB-49B9-AD6D-268B027B9D59}"
EndProject
Project("{2150E333-8FDC-42A3-9474-1A3956D46DE8}") = "test", "test", "{1F688D4B-AB05-483E-BB41-48A68309605C}"
EndProject
Project("{FAE04EC0-301F-11D3-BF4B-00C04F79EFBC}") = "GradeBook.Tests", "test\GradeBook.Tests\GradeBook.Tests.csproj", "{9B2D8895-5F3F-4336-97DC-05563D2DEA48}"
EndProject
Global
	GlobalSection(SolutionConfigurationPlatforms) = preSolution
		Debug|Any CPU = Debug|Any CPU
		Release|Any CPU = Release|Any CPU
	EndGlobalSection
	GlobalSection(SolutionProperties) = preSolution
		HideSolutionNode = FALSE
	EndGlobalSection
	GlobalSection(ProjectConfigurationPlatforms) = postSolution
		{CA52882D-A9FB-49B9-AD6D-268B027B9D59}.Debug|Any CPU.ActiveCfg = Debug|Any CPU
		{CA52882D-A9FB-49B9-AD6D-268B027B9D59}.Debug|Any CPU.Build.0 = Debug|Any CPU
		{CA52882D-A9FB-49B9-AD6D-268B027B9D59}.Release|Any CPU.ActiveCfg = Release|Any CPU
		{CA52882D-A9FB-49B9-AD6D-268B027B9D59}.Release|Any CPU.Build.0 = Release|Any CPU
		{9B2D8895-5F3F-4336-97DC-05563D2DEA48}.Debug|Any CPU.ActiveCfg = Debug|Any CPU
		{9B2D8895-5F3F-4336-97DC-05563D2DEA48}.Debug|Any CPU.Build.0 = Debug|Any CPU
		{9B2D8895-5F3F-4336-97DC-05563D2DEA48}.Release|Any CPU.ActiveCfg = Release|Any CPU
		{9B2D8895-5F3F-4336-97DC-05563D2DEA48}.Release|Any CPU.Build.0 = Release|Any CPU
	EndGlobalSection
	GlobalSection(NestedProjects) = preSolution
		{CA52882D-A9FB-49B9-AD6D-268B027B9D59} = {CB606C72-B41D-4615-A62E-4264B78E09A8}
		{9B2D8895-5F3F-4336-97DC-05563D2DEA48} = {1F688D4B-AB05-483E-BB41-48A68309605C}
	EndGlobalSection
EndGlobal
